{
  "version": 4,
  "terraform_version": "1.15.5",
  "serial": 3,
  "lineage": "d7b4151b-b1c8-e4df-ddf5-677e764e5c66",
  "outputs": {},
  "resources": [
    {
      "mode": "managed",
      "type": "yandex_dataproc_cluster",
      "name": "dataproc_cluster",
      "provider": "provider[\"terraform-registry.storage.yandexcloud.net/yandex-cloud/yandex\"]",
      "instances": [
        {
          "schema_version": 0,
          "attributes": {
            "bucket": "petr-bondarev-module4-task1",
            "cluster_config": [
              {
                "hadoop": [
                  {
                    "properties": null,
                    "services": [
                      "HDFS",
                      "LIVY",
                      "SPARK",
                      "TEZ",
                      "YARN"
                    ],
                    "ssh_public_keys": [
                      "ssh-rsa AAAAB3NzaC1yc2EAAAADAQABAAABAQC9d0Zy+w/uWSVWp1xq5MqSnMtGOua+wfV5gr28M7JrYgtiJ68jVxsW3P2K1o8fw9+pF9X7j1isyoCy1goLqSlaG7FPjP8s5LHwP5at20/qbu2oLHXemrsoDH5G9H76PR3VuQFXFrREZxoJCtTS6A5MtExHY2oko3qpxodeaGhpeYjqaeq11BsdGpRFCBLYkTMYKLC6v30Xgmdelm9olrrCg5w+bq31gVhZl24Uptxi2UJiio3knYWBnV25YaqtrizYxWu02Qs7EWdUY0H0TRhUJ2LGA2hvqPwiGGPgE0ps/6YV9Ge2BmrGrxjdjzz2XewQhgML5HKIw8K62xa9OZ5n Lenovo@MacBook-Pro.local\n"
                    ]
                  }
                ],
                "subcluster_spec": [
                  {
                    "autoscaling_config": [],
                    "hosts_count": 1,
                    "id": "c9q8rm3qhfl5so5etl30",
                    "name": "main",
                    "resources": [
                      {
                        "disk_size": 20,
                        "disk_type_id": "network-hdd",
                        "resource_preset_id": "s2.micro"
                      }
                    ],
                    "role": "MASTERNODE",
                    "subnet_id": "e2ls9japvi3p6onlp9fe"
                  },
                  {
                    "autoscaling_config": [],
                    "hosts_count": 1,
                    "id": "c9qr7tubcrnpuooqp8bs",
                    "name": "data",
                    "resources": [
                      {
                        "disk_size": 20,
                        "disk_type_id": "network-hdd",
                        "resource_preset_id": "s2.micro"
                      }
                    ],
                    "role": "DATANODE",
                    "subnet_id": "e2ls9japvi3p6onlp9fe"
                  }
                ],
                "version_id": "2.1"
              }
            ],
            "created_at": "2026-06-14T10:45:57Z",
            "deletion_protection": false,
            "description": "Yandex Data Processing cluster",
            "folder_id": "b1ghq0b0cq7h3uui6dj1",
            "host_group_ids": null,
            "id": "c9q3dtaime63ioh77235",
            "labels": null,
            "name": "dataproc-cluster",
            "security_group_ids": [
              "enpnkb1b5vj89b8q2s34"
            ],
            "service_account_id": "ajecat45o7378irkchsb",
            "timeouts": null,
            "ui_proxy": true,
            "zone_id": "ru-central1-b"
          },
          "sensitive_attributes": [],
          "identity_schema_version": 0,
          "private": "eyJlMmJmYjczMC1lY2FhLTExZTYtOGY4OC0zNDM2M2JjN2M0YzAiOnsiY3JlYXRlIjozNjAwMDAwMDAwMDAwLCJkZWxldGUiOjM2MDAwMDAwMDAwMDAsInVwZGF0ZSI6MzYwMDAwMDAwMDAwMH19"
        }
      ]
    }
  ],
  "check_results": null
}
